
Microsoft Visual Studio Solution File, Format Version 12.00
# Visual Studio Version 17
VisualStudioVersion = 17.7.34031.279
MinimumVisualStudioVersion = 10.0.40219.1
Project("{FAE04EC0-301F-11D3-BF4B-00C04F79EFBC}") = "LAB TASK 1.2", "LAB TASK 1.2\LAB TASK 1.2.csproj", "{D06B991C-281A-4F24-853F-1BD9F04C4F5A}"
EndProject
Global
	GlobalSection(SolutionConfigurationPlatforms) = preSolution
		Debug|Any CPU = Debug|Any CPU
		Release|Any CPU = Release|Any CPU
	EndGlobalSection
	GlobalSection(ProjectConfigurationPlatforms) = postSolution
		{D06B991C-281A-4F24-853F-1BD9F04C4F5A}.Debug|Any CPU.ActiveCfg = Debug|Any CPU
		{D06B991C-281A-4F24-853F-1BD9F04C4F5A}.Debug|Any CPU.Build.0 = Debug|Any CPU
		{D06B991C-281A-4F24-853F-1BD9F04C4F5A}.Release|Any CPU.ActiveCfg = Release|Any CPU
		{D06B991C-281A-4F24-853F-1BD9F04C4F5A}.Release|Any CPU.Build.0 = Release|Any CPU
	EndGlobalSection
	GlobalSection(SolutionProperties) = preSolution
		HideSolutionNode = FALSE
	EndGlobalSection
	GlobalSection(ExtensibilityGlobals) = postSolution
		SolutionGuid = {7604692C-B30F-4B0D-B294-5270088A5194}
	EndGlobalSection
EndGlobal
